// !$*UTF8*$!
{
	archiveVersion = 1;
	classes = {
	};
	objectVersion = 56;
	objects = {

/* Begin PBXBuildFile section */
		192585F72AFE18410037B6A2 /* MockData.swift in Sources */ = {isa = PBXBuildFile; fileRef = 192585F62AFE18410037B6A2 /* MockData.swift */; };
		192585FA2AFE31650037B6A2 /* NotificationsViewHeader.swift in Sources */ = {isa = PBXBuildFile; fileRef = 192585F92AFE31650037B6A2 /* NotificationsViewHeader.swift */; };
		192585FC2AFE31850037B6A2 /* NotificationsPromotionsView.swift in Sources */ = {isa = PBXBuildFile; fileRef = 192585FB2AFE31850037B6A2 /* NotificationsPromotionsView.swift */; };
		192585FE2AFE358C0037B6A2 /* NotificationCell.swift in Sources */ = {isa = PBXBuildFile; fileRef = 192585FD2AFE358C0037B6A2 /* NotificationCell.swift */; };
		1932B34A2AFB36B3008A5BE1 /* DailyLiveCellView.swift in Sources */ = {isa = PBXBuildFile; fileRef = 1932B3492AFB36B3008A5BE1 /* DailyLiveCellView.swift */; };
		1932B34C2AFB4A39008A5BE1 /* SaleProductsView.swift in Sources */ = {isa = PBXBuildFile; fileRef = 1932B34B2AFB4A39008A5BE1 /* SaleProductsView.swift */; };
		1932B34E2AFB58B3008A5BE1 /* DailyItemsView.swift in Sources */ = {isa = PBXBuildFile; fileRef = 1932B34D2AFB58B3008A5BE1 /* DailyItemsView.swift */; };
		1932B3512AFB5D25008A5BE1 /* NavigationBar.swift in Sources */ = {isa = PBXBuildFile; fileRef = 1932B3502AFB5D25008A5BE1 /* NavigationBar.swift */; };
		1932B3552AFB9F08008A5BE1 /* CarouselView.swift in Sources */ = {isa = PBXBuildFile; fileRef = 1932B3542AFB9F08008A5BE1 /* CarouselView.swift */; };
		1932B3572AFBAA0B008A5BE1 /* VouchersView.swift in Sources */ = {isa = PBXBuildFile; fileRef = 1932B3562AFBAA0B008A5BE1 /* VouchersView.swift */; };
		1932B3592AFBAE2D008A5BE1 /* BannerView.swift in Sources */ = {isa = PBXBuildFile; fileRef = 1932B3582AFBAE2D008A5BE1 /* BannerView.swift */; };
		1932B35B2AFBB061008A5BE1 /* SectionTitleView.swift in Sources */ = {isa = PBXBuildFile; fileRef = 1932B35A2AFBB061008A5BE1 /* SectionTitleView.swift */; };
		1932B35D2AFBB1A3008A5BE1 /* SaleProductsMallView.swift in Sources */ = {isa = PBXBuildFile; fileRef = 1932B35C2AFBB1A3008A5BE1 /* SaleProductsMallView.swift */; };
		1998063A2AFB148900535999 /* DailyView.swift in Sources */ = {isa = PBXBuildFile; fileRef = 199806392AFB148900535999 /* DailyView.swift */; };
		1998063C2AFB152400535999 /* MallView.swift in Sources */ = {isa = PBXBuildFile; fileRef = 1998063B2AFB152400535999 /* MallView.swift */; };
		1998063E2AFB152900535999 /* LiveView.swift in Sources */ = {isa = PBXBuildFile; fileRef = 1998063D2AFB152900535999 /* LiveView.swift */; };
		199806402AFB153100535999 /* NotificationsView.swift in Sources */ = {isa = PBXBuildFile; fileRef = 1998063F2AFB153100535999 /* NotificationsView.swift */; };
		199806422AFB153500535999 /* MeView.swift in Sources */ = {isa = PBXBuildFile; fileRef = 199806412AFB153500535999 /* MeView.swift */; };
		199806452AFB216C00535999 /* CashInView.swift in Sources */ = {isa = PBXBuildFile; fileRef = 199806442AFB216C00535999 /* CashInView.swift */; };
		199806472AFB24FC00535999 /* CategoriesView.swift in Sources */ = {isa = PBXBuildFile; fileRef = 199806462AFB24FC00535999 /* CategoriesView.swift */; };
		199806492AFB276200535999 /* DailyLiveView.swift in Sources */ = {isa = PBXBuildFile; fileRef = 199806482AFB276200535999 /* DailyLiveView.swift */; };
		19BAB24E2AFCC6E4001098AC /* BrandVouchers.swift in Sources */ = {isa = PBXBuildFile; fileRef = 19BAB24D2AFCC6E4001098AC /* BrandVouchers.swift */; };
		19BAB2512AFCCBA2001098AC /* EdgeBorder.swift in Sources */ = {isa = PBXBuildFile; fileRef = 19BAB2502AFCCBA2001098AC /* EdgeBorder.swift */; };
		19BAB2532AFCD9E1001098AC /* ProductCategoriesView.swift in Sources */ = {isa = PBXBuildFile; fileRef = 19BAB2522AFCD9E1001098AC /* ProductCategoriesView.swift */; };
		19BAB2552AFCDA75001098AC /* SectionTitlePlainView.swift in Sources */ = {isa = PBXBuildFile; fileRef = 19BAB2542AFCDA75001098AC /* SectionTitlePlainView.swift */; };
		19BAB2572AFCE207001098AC /* ProductCategoryCelll.swift in Sources */ = {isa = PBXBuildFile; fileRef = 19BAB2562AFCE207001098AC /* ProductCategoryCelll.swift */; };
		19BAB2592AFCE946001098AC /* TrendingShopsView.swift in Sources */ = {isa = PBXBuildFile; fileRef = 19BAB2582AFCE946001098AC /* TrendingShopsView.swift */; };
		19BAB25E2AFCF61B001098AC /* LiveVouchersView.swift in Sources */ = {isa = PBXBuildFile; fileRef = 19BAB25D2AFCF61B001098AC /* LiveVouchersView.swift */; };
		19F56D952AFA800F00B3853C /* ShopeeCloneSwiftUIApp.swift in Sources */ = {isa = PBXBuildFile; fileRef = 19F56D942AFA800F00B3853C /* ShopeeCloneSwiftUIApp.swift */; };
		19F56D972AFA800F00B3853C /* ContentView.swift in Sources */ = {isa = PBXBuildFile; fileRef = 19F56D962AFA800F00B3853C /* ContentView.swift */; };
		19F56D992AFA801200B3853C /* Assets.xcassets in Resources */ = {isa = PBXBuildFile; fileRef = 19F56D982AFA801200B3853C /* Assets.xcassets */; };
		19F56D9C2AFA801200B3853C /* Preview Assets.xcassets in Resources */ = {isa = PBXBuildFile; fileRef = 19F56D9B2AFA801200B3853C /* Preview Assets.xcassets */; };
/* End PBXBuildFile section */

/* Begin PBXFileReference section */
		192585F62AFE18410037B6A2 /* MockData.swift */ = {isa = PBXFileReference; lastKnownFileType = sourcecode.swift; path = MockData.swift; sourceTree = "<group>"; };
		192585F92AFE31650037B6A2 /* NotificationsViewHeader.swift */ = {isa = PBXFileReference; lastKnownFileType = sourcecode.swift; path = NotificationsViewHeader.swift; sourceTree = "<group>"; };
		192585FB2AFE31850037B6A2 /* NotificationsPromotionsView.swift */ = {isa = PBXFileReference; lastKnownFileType = sourcecode.swift; path = NotificationsPromotionsView.swift; sourceTree = "<group>"; };
		192585FD2AFE358C0037B6A2 /* NotificationCell.swift */ = {isa = PBXFileReference; lastKnownFileType = sourcecode.swift; path = NotificationCell.swift; sourceTree = "<group>"; };
		1932B3492AFB36B3008A5BE1 /* DailyLiveCellView.swift */ = {isa = PBXFileReference; lastKnownFileType = sourcecode.swift; path = DailyLiveCellView.swift; sourceTree = "<group>"; };
		1932B34B2AFB4A39008A5BE1 /* SaleProductsView.swift */ = {isa = PBXFileReference; lastKnownFileType = sourcecode.swift; path = SaleProductsView.swift; sourceTree = "<group>"; };
		1932B34D2AFB58B3008A5BE1 /* DailyItemsView.swift */ = {isa = PBXFileReference; lastKnownFileType = sourcecode.swift; path = DailyItemsView.swift; sourceTree = "<group>"; };
		1932B3502AFB5D25008A5BE1 /* NavigationBar.swift */ = {isa = PBXFileReference; lastKnownFileType = sourcecode.swift; path = NavigationBar.swift; sourceTree = "<group>"; };
		1932B3542AFB9F08008A5BE1 /* CarouselView.swift */ = {isa = PBXFileReference; lastKnownFileType = sourcecode.swift; path = CarouselView.swift; sourceTree = "<group>"; };
		1932B3562AFBAA0B008A5BE1 /* VouchersView.swift */ = {isa = PBXFileReference; lastKnownFileType = sourcecode.swift; path = VouchersView.swift; sourceTree = "<group>"; };
		1932B3582AFBAE2D008A5BE1 /* BannerView.swift */ = {isa = PBXFileReference; lastKnownFileType = sourcecode.swift; path = BannerView.swift; sourceTree = "<group>"; };
		1932B35A2AFBB061008A5BE1 /* SectionTitleView.swift */ = {isa = PBXFileReference; lastKnownFileType = sourcecode.swift; path = SectionTitleView.swift; sourceTree = "<group>"; };
		1932B35C2AFBB1A3008A5BE1 /* SaleProductsMallView.swift */ = {isa = PBXFileReference; lastKnownFileType = sourcecode.swift; path = SaleProductsMallView.swift; sourceTree = "<group>"; };
		199806392AFB148900535999 /* DailyView.swift */ = {isa = PBXFileReference; lastKnownFileType = sourcecode.swift; path = DailyView.swift; sourceTree = "<group>"; };
		1998063B2AFB152400535999 /* MallView.swift */ = {isa = PBXFileReference; lastKnownFileType = sourcecode.swift; path = MallView.swift; sourceTree = "<group>"; };
		1998063D2AFB152900535999 /* LiveView.swift */ = {isa = PBXFileReference; lastKnownFileType = sourcecode.swift; path = LiveView.swift; sourceTree = "<group>"; };
		1998063F2AFB153100535999 /* NotificationsView.swift */ = {isa = PBXFileReference; lastKnownFileType = sourcecode.swift; path = NotificationsView.swift; sourceTree = "<group>"; };
		199806412AFB153500535999 /* MeView.swift */ = {isa = PBXFileReference; lastKnownFileType = sourcecode.swift; path = MeView.swift; sourceTree = "<group>"; };
		199806442AFB216C00535999 /* CashInView.swift */ = {isa = PBXFileReference; lastKnownFileType = sourcecode.swift; path = CashInView.swift; sourceTree = "<group>"; };
		199806462AFB24FC00535999 /* CategoriesView.swift */ = {isa = PBXFileReference; lastKnownFileType = sourcecode.swift; path = CategoriesView.swift; sourceTree = "<group>"; };
		199806482AFB276200535999 /* DailyLiveView.swift */ = {isa = PBXFileReference; lastKnownFileType = sourcecode.swift; path = DailyLiveView.swift; sourceTree = "<group>"; };
		19BAB24D2AFCC6E4001098AC /* BrandVouchers.swift */ = {isa = PBXFileReference; lastKnownFileType = sourcecode.swift; path = BrandVouchers.swift; sourceTree = "<group>"; };
		19BAB2502AFCCBA2001098AC /* EdgeBorder.swift */ = {isa = PBXFileReference; lastKnownFileType = sourcecode.swift; path = EdgeBorder.swift; sourceTree = "<group>"; };
		19BAB2522AFCD9E1001098AC /* ProductCategoriesView.swift */ = {isa = PBXFileReference; lastKnownFileType = sourcecode.swift; path = ProductCategoriesView.swift; sourceTree = "<group>"; };
		19BAB2542AFCDA75001098AC /* SectionTitlePlainView.swift */ = {isa = PBXFileReference; lastKnownFileType = sourcecode.swift; path = SectionTitlePlainView.swift; sourceTree = "<group>"; };
		19BAB2562AFCE207001098AC /* ProductCategoryCelll.swift */ = {isa = PBXFileReference; lastKnownFileType = sourcecode.swift; path = ProductCategoryCelll.swift; sourceTree = "<group>"; };
		19BAB2582AFCE946001098AC /* TrendingShopsView.swift */ = {isa = PBXFileReference; lastKnownFileType = sourcecode.swift; path = TrendingShopsView.swift; sourceTree = "<group>"; };
		19BAB25D2AFCF61B001098AC /* LiveVouchersView.swift */ = {isa = PBXFileReference; lastKnownFileType = sourcecode.swift; path = LiveVouchersView.swift; sourceTree = "<group>"; };
		19F56D912AFA800F00B3853C /* ShopeeCloneSwiftUI.app */ = {isa = PBXFileReference; explicitFileType = wrapper.application; includeInIndex = 0; path = ShopeeCloneSwiftUI.app; sourceTree = BUILT_PRODUCTS_DIR; };
		19F56D942AFA800F00B3853C /* ShopeeCloneSwiftUIApp.swift */ = {isa = PBXFileReference; lastKnownFileType = sourcecode.swift; path = ShopeeCloneSwiftUIApp.swift; sourceTree = "<group>"; };
		19F56D962AFA800F00B3853C /* ContentView.swift */ = {isa = PBXFileReference; lastKnownFileType = sourcecode.swift; path = ContentView.swift; sourceTree = "<group>"; };
		19F56D982AFA801200B3853C /* Assets.xcassets */ = {isa = PBXFileReference; lastKnownFileType = folder.assetcatalog; path = Assets.xcassets; sourceTree = "<group>"; };
		19F56D9B2AFA801200B3853C /* Preview Assets.xcassets */ = {isa = PBXFileReference; lastKnownFileType = folder.assetcatalog; path = "Preview Assets.xcassets"; sourceTree = "<group>"; };
/* End PBXFileReference section */

/* Begin PBXFrameworksBuildPhase section */
		19F56D8E2AFA800F00B3853C /* Frameworks */ = {
			isa = PBXFrameworksBuildPhase;
			buildActionMask = 2147483647;
			files = (
			);
			runOnlyForDeploymentPostprocessing = 0;
		};
/* End PBXFrameworksBuildPhase section */

/* Begin PBXGroup section */
		192585F82AFE1D5B0037B6A2 /* Notifications */ = {
			isa = PBXGroup;
			children = (
				1998063F2AFB153100535999 /* NotificationsView.swift */,
				192585F92AFE31650037B6A2 /* NotificationsViewHeader.swift */,
				192585FB2AFE31850037B6A2 /* NotificationsPromotionsView.swift */,
				192585FD2AFE358C0037B6A2 /* NotificationCell.swift */,
			);
			path = Notifications;
			sourceTree = "<group>";
		};
		1932B34F2AFB5D1C008A5BE1 /* Views */ = {
			isa = PBXGroup;
			children = (
				199806462AFB24FC00535999 /* CategoriesView.swift */,
				1932B3542AFB9F08008A5BE1 /* CarouselView.swift */,
				1932B3582AFBAE2D008A5BE1 /* BannerView.swift */,
				1932B35A2AFBB061008A5BE1 /* SectionTitleView.swift */,
				19BAB2542AFCDA75001098AC /* SectionTitlePlainView.swift */,
				1932B3502AFB5D25008A5BE1 /* NavigationBar.swift */,
			);
			path = Views;
			sourceTree = "<group>";
		};
		1932B3522AFB9E7F008A5BE1 /* Mall */ = {
			isa = PBXGroup;
			children = (
				1998063B2AFB152400535999 /* MallView.swift */,
				1932B3562AFBAA0B008A5BE1 /* VouchersView.swift */,
				1932B35C2AFBB1A3008A5BE1 /* SaleProductsMallView.swift */,
				19BAB24D2AFCC6E4001098AC /* BrandVouchers.swift */,
				19BAB2522AFCD9E1001098AC /* ProductCategoriesView.swift */,
				19BAB2562AFCE207001098AC /* ProductCategoryCelll.swift */,
				19BAB2582AFCE946001098AC /* TrendingShopsView.swift */,
			);
			path = Mall;
			sourceTree = "<group>";
		};
		199806382AFB147F00535999 /* Screens */ = {
			isa = PBXGroup;
			children = (
				192585F82AFE1D5B0037B6A2 /* Notifications */,
				19BAB25A2AFCEFFC001098AC /* Live */,
				1932B3522AFB9E7F008A5BE1 /* Mall */,
				199806432AFB215400535999 /* Daily */,
				199806412AFB153500535999 /* MeView.swift */,
			);
			path = Screens;
			sourceTree = "<group>";
		};
		199806432AFB215400535999 /* Daily */ = {
			isa = PBXGroup;
			children = (
				199806392AFB148900535999 /* DailyView.swift */,
				199806442AFB216C00535999 /* CashInView.swift */,
				199806482AFB276200535999 /* DailyLiveView.swift */,
				1932B3492AFB36B3008A5BE1 /* DailyLiveCellView.swift */,
				1932B34B2AFB4A39008A5BE1 /* SaleProductsView.swift */,
				1932B34D2AFB58B3008A5BE1 /* DailyItemsView.swift */,
			);
			path = Daily;
			sourceTree = "<group>";
		};
		19BAB24F2AFCCB92001098AC /* Utils */ = {
			isa = PBXGroup;
			children = (
				19BAB2502AFCCBA2001098AC /* EdgeBorder.swift */,
				192585F62AFE18410037B6A2 /* MockData.swift */,
			);
			path = Utils;
			sourceTree = "<group>";
		};
		19BAB25A2AFCEFFC001098AC /* Live */ = {
			isa = PBXGroup;
			children = (
				1998063D2AFB152900535999 /* LiveView.swift */,
				19BAB25D2AFCF61B001098AC /* LiveVouchersView.swift */,
			);
			path = Live;
			sourceTree = "<group>";
		};
		19F56D882AFA800F00B3853C = {
			isa = PBXGroup;
			children = (
				19F56D932AFA800F00B3853C /* ShopeeCloneSwiftUI */,
				19F56D922AFA800F00B3853C /* Products */,
			);
			sourceTree = "<group>";
		};
		19F56D922AFA800F00B3853C /* Products */ = {
			isa = PBXGroup;
			children = (
				19F56D912AFA800F00B3853C /* ShopeeCloneSwiftUI.app */,
			);
			name = Products;
			sourceTree = "<group>";
		};
		19F56D932AFA800F00B3853C /* ShopeeCloneSwiftUI */ = {
			isa = PBXGroup;
			children = (
				19BAB24F2AFCCB92001098AC /* Utils */,
				1932B34F2AFB5D1C008A5BE1 /* Views */,
				199806382AFB147F00535999 /* Screens */,
				19F56D942AFA800F00B3853C /* ShopeeCloneSwiftUIApp.swift */,
				19F56D962AFA800F00B3853C /* ContentView.swift */,
				19F56D982AFA801200B3853C /* Assets.xcassets */,
				19F56D9A2AFA801200B3853C /* Preview Content */,
			);
			path = ShopeeCloneSwiftUI;
			sourceTree = "<group>";
		};
		19F56D9A2AFA801200B3853C /* Preview Content */ = {
			isa = PBXGroup;
			children = (
				19F56D9B2AFA801200B3853C /* Preview Assets.xcassets */,
			);
			path = "Preview Content";
			sourceTree = "<group>";
		};
/* End PBXGroup section */

/* Begin PBXNativeTarget section */
		19F56D902AFA800F00B3853C /* ShopeeCloneSwiftUI */ = {
			isa = PBXNativeTarget;
			buildConfigurationList = 19F56D9F2AFA801200B3853C /* Build configuration list for PBXNativeTarget "ShopeeCloneSwiftUI" */;
			buildPhases = (
				19F56D8D2AFA800F00B3853C /* Sources */,
				19F56D8E2AFA800F00B3853C /* Frameworks */,
				19F56D8F2AFA800F00B3853C /* Resources */,
			);
			buildRules = (
			);
			dependencies = (
			);
			name = ShopeeCloneSwiftUI;
			productName = ShopeeCloneSwiftUI;
			productReference = 19F56D912AFA800F00B3853C /* ShopeeCloneSwiftUI.app */;
			productType = "com.apple.product-type.application";
		};
/* End PBXNativeTarget section */

/* Begin PBXProject section */
		19F56D892AFA800F00B3853C /* Project object */ = {
			isa = PBXProject;
			attributes = {
				BuildIndependentTargetsInParallel = 1;
				LastSwiftUpdateCheck = 1500;
				LastUpgradeCheck = 1500;
				TargetAttributes = {
					19F56D902AFA800F00B3853C = {
						CreatedOnToolsVersion = 15.0;
					};
				};
			};
			buildConfigurationList = 19F56D8C2AFA800F00B3853C /* Build configuration list for PBXProject "ShopeeCloneSwiftUI" */;
			compatibilityVersion = "Xcode 14.0";
			developmentRegion = en;
			hasScannedForEncodings = 0;
			knownRegions = (
				en,
				Base,
			);
			mainGroup = 19F56D882AFA800F00B3853C;
			productRefGroup = 19F56D922AFA800F00B3853C /* Products */;
			projectDirPath = "";
			projectRoot = "";
			targets = (
				19F56D902AFA800F00B3853C /* ShopeeCloneSwiftUI */,
			);
		};
/* End PBXProject section */

/* Begin PBXResourcesBuildPhase section */
		19F56D8F2AFA800F00B3853C /* Resources */ = {
			isa = PBXResourcesBuildPhase;
			buildActionMask = 2147483647;
			files = (
				19F56D9C2AFA801200B3853C /* Preview Assets.xcassets in Resources */,
				19F56D992AFA801200B3853C /* Assets.xcassets in Resources */,
			);
			runOnlyForDeploymentPostprocessing = 0;
		};
/* End PBXResourcesBuildPhase section */

/* Begin PBXSourcesBuildPhase section */
		19F56D8D2AFA800F00B3853C /* Sources */ = {
			isa = PBXSourcesBuildPhase;
			buildActionMask = 2147483647;
			files = (
				1932B34A2AFB36B3008A5BE1 /* DailyLiveCellView.swift in Sources */,
				199806402AFB153100535999 /* NotificationsView.swift in Sources */,
				1998063C2AFB152400535999 /* MallView.swift in Sources */,
				19F56D972AFA800F00B3853C /* ContentView.swift in Sources */,
				19BAB2532AFCD9E1001098AC /* ProductCategoriesView.swift in Sources */,
				19F56D952AFA800F00B3853C /* ShopeeCloneSwiftUIApp.swift in Sources */,
				1932B34C2AFB4A39008A5BE1 /* SaleProductsView.swift in Sources */,
				199806452AFB216C00535999 /* CashInView.swift in Sources */,
				1932B3572AFBAA0B008A5BE1 /* VouchersView.swift in Sources */,
				19BAB2592AFCE946001098AC /* TrendingShopsView.swift in Sources */,
				192585FA2AFE31650037B6A2 /* NotificationsViewHeader.swift in Sources */,
				19BAB2552AFCDA75001098AC /* SectionTitlePlainView.swift in Sources */,
				19BAB24E2AFCC6E4001098AC /* BrandVouchers.swift in Sources */,
				1998063E2AFB152900535999 /* LiveView.swift in Sources */,
				19BAB25E2AFCF61B001098AC /* LiveVouchersView.swift in Sources */,
				199806422AFB153500535999 /* MeView.swift in Sources */,
				199806472AFB24FC00535999 /* CategoriesView.swift in Sources */,
				1932B3552AFB9F08008A5BE1 /* CarouselView.swift in Sources */,
				1932B34E2AFB58B3008A5BE1 /* DailyItemsView.swift in Sources */,
				19BAB2572AFCE207001098AC /* ProductCategoryCelll.swift in Sources */,
				19BAB2512AFCCBA2001098AC /* EdgeBorder.swift in Sources */,
				1932B3512AFB5D25008A5BE1 /* NavigationBar.swift in Sources */,
				1932B35D2AFBB1A3008A5BE1 /* SaleProductsMallView.swift in Sources */,
				192585FC2AFE31850037B6A2 /* NotificationsPromotionsView.swift in Sources */,
				192585F72AFE18410037B6A2 /* MockData.swift in Sources */,
				1932B35B2AFBB061008A5BE1 /* SectionTitleView.swift in Sources */,
				199806492AFB276200535999 /* DailyLiveView.swift in Sources */,
				1932B3592AFBAE2D008A5BE1 /* BannerView.swift in Sources */,
				192585FE2AFE358C0037B6A2 /* NotificationCell.swift in Sources */,
				1998063A2AFB148900535999 /* DailyView.swift in Sources */,
			);
			runOnlyForDeploymentPostprocessing = 0;
		};
/* End PBXSourcesBuildPhase section */

/* Begin XCBuildConfiguration section */
		19F56D9D2AFA801200B3853C /* Debug */ = {
			isa = XCBuildConfiguration;
			buildSettings = {
				ALWAYS_SEARCH_USER_PATHS = NO;
				ASSETCATALOG_COMPILER_GENERATE_SWIFT_ASSET_SYMBOL_EXTENSIONS = YES;
				CLANG_ANALYZER_NONNULL = YES;
				CLANG_ANALYZER_NUMBER_OBJECT_CONVERSION = YES_AGGRESSIVE;
				CLANG_CXX_LANGUAGE_STANDARD = "gnu++20";
				CLANG_ENABLE_MODULES = YES;
				CLANG_ENABLE_OBJC_ARC = YES;
				CLANG_ENABLE_OBJC_WEAK = YES;
				CLANG_WARN_BLOCK_CAPTURE_AUTORELEASING = YES;
				CLANG_WARN_BOOL_CONVERSION = YES;
				CLANG_WARN_COMMA = YES;
				CLANG_WARN_CONSTANT_CONVERSION = YES;
				CLANG_WARN_DEPRECATED_OBJC_IMPLEMENTATIONS = YES;
				CLANG_WARN_DIRECT_OBJC_ISA_USAGE = YES_ERROR;
				CLANG_WARN_DOCUMENTATION_COMMENTS = YES;
				CLANG_WARN_EMPTY_BODY = YES;
				CLANG_WARN_ENUM_CONVERSION = YES;
				CLANG_WARN_INFINITE_RECURSION = YES;
				CLANG_WARN_INT_CONVERSION = YES;
				CLANG_WARN_NON_LITERAL_NULL_CONVERSION = YES;
				CLANG_WARN_OBJC_IMPLICIT_RETAIN_SELF = YES;
				CLANG_WARN_OBJC_LITERAL_CONVERSION = YES;
				CLANG_WARN_OBJC_ROOT_CLASS = YES_ERROR;
				CLANG_WARN_QUOTED_INCLUDE_IN_FRAMEWORK_HEADER = YES;
				CLANG_WARN_RANGE_LOOP_ANALYSIS = YES;
				CLANG_WARN_STRICT_PROTOTYPES = YES;
				CLANG_WARN_SUSPICIOUS_MOVE = YES;
				CLANG_WARN_UNGUARDED_AVAILABILITY = YES_AGGRESSIVE;
				CLANG_WARN_UNREACHABLE_CODE = YES;
				CLANG_WARN__DUPLICATE_METHOD_MATCH = YES;
				COPY_PHASE_STRIP = NO;
				DEBUG_INFORMATION_FORMAT = dwarf;
				ENABLE_STRICT_OBJC_MSGSEND = YES;
				ENABLE_TESTABILITY = YES;
				ENABLE_USER_SCRIPT_SANDBOXING = YES;
				GCC_C_LANGUAGE_STANDARD = gnu17;
				GCC_DYNAMIC_NO_PIC = NO;
				GCC_NO_COMMON_BLOCKS = YES;
				GCC_OPTIMIZATION_LEVEL = 0;
				GCC_PREPROCESSOR_DEFINITIONS = (
					"DEBUG=1",
					"$(inherited)",
				);
				GCC_WARN_64_TO_32_BIT_CONVERSION = YES;
				GCC_WARN_ABOUT_RETURN_TYPE = YES_ERROR;
				GCC_WARN_UNDECLARED_SELECTOR = YES;
				GCC_WARN_UNINITIALIZED_AUTOS = YES_AGGRESSIVE;
				GCC_WARN_UNUSED_FUNCTION = YES;
				GCC_WARN_UNUSED_VARIABLE = YES;
				IPHONEOS_DEPLOYMENT_TARGET = 17.0;
				LOCALIZATION_PREFERS_STRING_CATALOGS = YES;
				MTL_ENABLE_DEBUG_INFO = INCLUDE_SOURCE;
				MTL_FAST_MATH = YES;
				ONLY_ACTIVE_ARCH = YES;
				SDKROOT = iphoneos;
				SWIFT_ACTIVE_COMPILATION_CONDITIONS = "DEBUG $(inherited)";
				SWIFT_OPTIMIZATION_LEVEL = "-Onone";
			};
			name = Debug;
		};
		19F56D9E2AFA801200B3853C /* Release */ = {
			isa = XCBuildConfiguration;
			buildSettings = {
				ALWAYS_SEARCH_USER_PATHS = NO;
				ASSETCATALOG_COMPILER_GENERATE_SWIFT_ASSET_SYMBOL_EXTENSIONS = YES;
				CLANG_ANALYZER_NONNULL = YES;
				CLANG_ANALYZER_NUMBER_OBJECT_CONVERSION = YES_AGGRESSIVE;
				CLANG_CXX_LANGUAGE_STANDARD = "gnu++20";
				CLANG_ENABLE_MODULES = YES;
				CLANG_ENABLE_OBJC_ARC = YES;
				CLANG_ENABLE_OBJC_WEAK = YES;
				CLANG_WARN_BLOCK_CAPTURE_AUTORELEASING = YES;
				CLANG_WARN_BOOL_CONVERSION = YES;
				CLANG_WARN_COMMA = YES;
				CLANG_WARN_CONSTANT_CONVERSION = YES;
				CLANG_WARN_DEPRECATED_OBJC_IMPLEMENTATIONS = YES;
				CLANG_WARN_DIRECT_OBJC_ISA_USAGE = YES_ERROR;
				CLANG_WARN_DOCUMENTATION_COMMENTS = YES;
				CLANG_WARN_EMPTY_BODY = YES;
				CLANG_WARN_ENUM_CONVERSION = YES;
				CLANG_WARN_INFINITE_RECURSION = YES;
				CLANG_WARN_INT_CONVERSION = YES;
				CLANG_WARN_NON_LITERAL_NULL_CONVERSION = YES;
				CLANG_WARN_OBJC_IMPLICIT_RETAIN_SELF = YES;
				CLANG_WARN_OBJC_LITERAL_CONVERSION = YES;
				CLANG_WARN_OBJC_ROOT_CLASS = YES_ERROR;
				CLANG_WARN_QUOTED_INCLUDE_IN_FRAMEWORK_HEADER = YES;
				CLANG_WARN_RANGE_LOOP_ANALYSIS = YES;
				CLANG_WARN_STRICT_PROTOTYPES = YES;
				CLANG_WARN_SUSPICIOUS_MOVE = YES;
				CLANG_WARN_UNGUARDED_AVAILABILITY = YES_AGGRESSIVE;
				CLANG_WARN_UNREACHABLE_CODE = YES;
				CLANG_WARN__DUPLICATE_METHOD_MATCH = YES;
				COPY_PHASE_STRIP = NO;
				DEBUG_INFORMATION_FORMAT = "dwarf-with-dsym";
				ENABLE_NS_ASSERTIONS = NO;
				ENABLE_STRICT_OBJC_MSGSEND = YES;
				ENABLE_USER_SCRIPT_SANDBOXING = YES;
				GCC_C_LANGUAGE_STANDARD = gnu17;
				GCC_NO_COMMON_BLOCKS = YES;
				GCC_WARN_64_TO_32_BIT_CONVERSION = YES;
				GCC_WARN_ABOUT_RETURN_TYPE = YES_ERROR;
				GCC_WARN_UNDECLARED_SELECTOR = YES;
				GCC_WARN_UNINITIALIZED_AUTOS = YES_AGGRESSIVE;
				GCC_WARN_UNUSED_FUNCTION = YES;
				GCC_WARN_UNUSED_VARIABLE = YES;
				IPHONEOS_DEPLOYMENT_TARGET = 17.0;
				LOCALIZATION_PREFERS_STRING_CATALOGS = YES;
				MTL_ENABLE_DEBUG_INFO = NO;
				MTL_FAST_MATH = YES;
				SDKROOT = iphoneos;
				SWIFT_COMPILATION_MODE = wholemodule;
				VALIDATE_PRODUCT = YES;
			};
			name = Release;
		};
		19F56DA02AFA801200B3853C /* Debug */ = {
			isa = XCBuildConfiguration;
			buildSettings = {
				ASSETCATALOG_COMPILER_APPICON_NAME = AppIcon;
				ASSETCATALOG_COMPILER_GLOBAL_ACCENT_COLOR_NAME = AccentColor;
				CODE_SIGN_STYLE = Automatic;
				CURRENT_PROJECT_VERSION = 1;
				DEVELOPMENT_ASSET_PATHS = "\"ShopeeCloneSwiftUI/Preview Content\"";
				DEVELOPMENT_TEAM = 4AWUKLVLWG;
				ENABLE_PREVIEWS = YES;
				GENERATE_INFOPLIST_FILE = YES;
				INFOPLIST_KEY_UIApplicationSceneManifest_Generation = YES;
				INFOPLIST_KEY_UIApplicationSupportsIndirectInputEvents = YES;
				INFOPLIST_KEY_UILaunchScreen_Generation = YES;
				INFOPLIST_KEY_UISupportedInterfaceOrientations_iPad = "UIInterfaceOrientationPortrait UIInterfaceOrientationPortraitUpsideDown UIInterfaceOrientationLandscapeLeft UIInterfaceOrientationLandscapeRight";
				INFOPLIST_KEY_UISupportedInterfaceOrientations_iPhone = "UIInterfaceOrientationPortrait UIInterfaceOrientationLandscapeLeft UIInterfaceOrientationLandscapeRight";
				LD_RUNPATH_SEARCH_PATHS = (
					"$(inherited)",
					"@executable_path/Frameworks",
				);
				MARKETING_VERSION = 1.0;
				PRODUCT_BUNDLE_IDENTIFIER = app.ShopeeCloneSwiftUI;
				PRODUCT_NAME = "$(TARGET_NAME)";
				SWIFT_EMIT_LOC_STRINGS = YES;
				SWIFT_VERSION = 5.0;
				TARGETED_DEVICE_FAMILY = "1,2";
			};
			name = Debug;
		};
		19F56DA12AFA801200B3853C /* Release */ = {
			isa = XCBuildConfiguration;
			buildSettings = {
				ASSETCATALOG_COMPILER_APPICON_NAME = AppIcon;
				ASSETCATALOG_COMPILER_GLOBAL_ACCENT_COLOR_NAME = AccentColor;
				CODE_SIGN_STYLE = Automatic;
				CURRENT_PROJECT_VERSION = 1;
				DEVELOPMENT_ASSET_PATHS = "\"ShopeeCloneSwiftUI/Preview Content\"";
				DEVELOPMENT_TEAM = 4AWUKLVLWG;
				ENABLE_PREVIEWS = YES;
				GENERATE_INFOPLIST_FILE = YES;
				INFOPLIST_KEY_UIApplicationSceneManifest_Generation = YES;
				INFOPLIST_KEY_UIApplicationSupportsIndirectInputEvents = YES;
				INFOPLIST_KEY_UILaunchScreen_Generation = YES;
				INFOPLIST_KEY_UISupportedInterfaceOrientations_iPad = "UIInterfaceOrientationPortrait UIInterfaceOrientationPortraitUpsideDown UIInterfaceOrientationLandscapeLeft UIInterfaceOrientationLandscapeRight";
				INFOPLIST_KEY_UISupportedInterfaceOrientations_iPhone = "UIInterfaceOrientationPortrait UIInterfaceOrientationLandscapeLeft UIInterfaceOrientationLandscapeRight";
				LD_RUNPATH_SEARCH_PATHS = (
					"$(inherited)",
					"@executable_path/Frameworks",
				);
				MARKETING_VERSION = 1.0;
				PRODUCT_BUNDLE_IDENTIFIER = app.ShopeeCloneSwiftUI;
				PRODUCT_NAME = "$(TARGET_NAME)";
				SWIFT_EMIT_LOC_STRINGS = YES;
				SWIFT_VERSION = 5.0;
				TARGETED_DEVICE_FAMILY = "1,2";
			};
			name = Release;
		};
/* End XCBuildConfiguration section */

/* Begin XCConfigurationList section */
		19F56D8C2AFA800F00B3853C /* Build configuration list for PBXProject "ShopeeCloneSwiftUI" */ = {
			isa = XCConfigurationList;
			buildConfigurations = (
				19F56D9D2AFA801200B3853C /* Debug */,
				19F56D9E2AFA801200B3853C /* Release */,
			);
			defaultConfigurationIsVisible = 0;
			defaultConfigurationName = Release;
		};
		19F56D9F2AFA801200B3853C /* Build configuration list for PBXNativeTarget "ShopeeCloneSwiftUI" */ = {
			isa = XCConfigurationList;
			buildConfigurations = (
				19F56DA02AFA801200B3853C /* Debug */,
				19F56DA12AFA801200B3853C /* Release */,
			);
			defaultConfigurationIsVisible = 0;
			defaultConfigurationName = Release;
		};
/* End XCConfigurationList section */
	};
	rootObject = 19F56D892AFA800F00B3853C /* Project object */;
}
